{
  "name": "@starter-solutions/inertia-module-utils",
  "version": "0.1.0",
  "lockfileVersion": 3,
  "requires": true,
  "packages": {
    "": {
      "name": "@starter-solutions/inertia-module-utils",
      "version": "0.1.0",
      "license": "MIT",
      "bin": {
        "inertia-module": "bin/inertia-module.js"
      },
      "engines": {
        "node": ">=20"
      }
    }
  }
}
